
Microsoft Visual Studio Solution File, Format Version 12.00
# Visual Studio Version 17
VisualStudioVersion = 17.4.33205.214
MinimumVisualStudioVersion = 10.0.40219.1
Project("{FAE04EC0-301F-11D3-BF4B-00C04F79EFBC}") = "DataShakeApiLocobuzz", "DataShakeApiLocobuzz.csproj", "{EFF3378B-7503-46A2-AB96-6B989C65EE13}"
EndProject
Global
	GlobalSection(SolutionConfigurationPlatforms) = preSolution
		Debug|Any CPU = Debug|Any CPU
		Release|Any CPU = Release|Any CPU
	EndGlobalSection
	GlobalSection(ProjectConfigurationPlatforms) = postSolution
		{EFF3378B-7503-46A2-AB96-6B989C65EE13}.Debug|Any CPU.ActiveCfg = Debug|Any CPU
		{EFF3378B-7503-46A2-AB96-6B989C65EE13}.Debug|Any CPU.Build.0 = Debug|Any CPU
		{EFF3378B-7503-46A2-AB96-6B989C65EE13}.Release|Any CPU.ActiveCfg = Release|Any CPU
		{EFF3378B-7503-46A2-AB96-6B989C65EE13}.Release|Any CPU.Build.0 = Release|Any CPU
	EndGlobalSection
	GlobalSection(SolutionProperties) = preSolution
		HideSolutionNode = FALSE
	EndGlobalSection
	GlobalSection(ExtensibilityGlobals) = postSolution
		SolutionGuid = {A5E074DD-D909-49A8-908E-49E2F381AF20}
	EndGlobalSection
EndGlobal
